// !$*UTF8*$!
{
	archiveVersion = 1;
	classes = {
	};
	objectVersion = 50;
	objects = {

/* Begin PBXBuildFile section */
		C0C2CFCB22A9D5DA003EE6BD /* AppDelegate.swift in Sources */ = {isa = PBXBuildFile; fileRef = C0C2CFCA22A9D5DA003EE6BD /* AppDelegate.swift */; };
		C0C2CFCD22A9D5DA003EE6BD /* ViewController.swift in Sources */ = {isa = PBXBuildFile; fileRef = C0C2CFCC22A9D5DA003EE6BD /* ViewController.swift */; };
		C0C2CFD022A9D5DA003EE6BD /* Main.storyboard in Resources */ = {isa = PBXBuildFile; fileRef = C0C2CFCE22A9D5DA003EE6BD /* Main.storyboard */; };
		C0C2CFD322A9D5DA003EE6BD /* CollectionCoreData_Nano.xcdatamodeld in Sources */ = {isa = PBXBuildFile; fileRef = C0C2CFD122A9D5DA003EE6BD /* CollectionCoreData_Nano.xcdatamodeld */; };
		C0C2CFD522A9D5DB003EE6BD /* Assets.xcassets in Resources */ = {isa = PBXBuildFile; fileRef = C0C2CFD422A9D5DB003EE6BD /* Assets.xcassets */; };
		C0C2CFD822A9D5DB003EE6BD /* LaunchScreen.storyboard in Resources */ = {isa = PBXBuildFile; fileRef = C0C2CFD622A9D5DB003EE6BD /* LaunchScreen.storyboard */; };
/* End PBXBuildFile section */

/* Begin PBXFileReference section */
		C0C2CFC722A9D5DA003EE6BD /* CollectionCoreData_Nano.app */ = {isa = PBXFileReference; explicitFileType = wrapper.application; includeInIndex = 0; path = CollectionCoreData_Nano.app; sourceTree = BUILT_PRODUCTS_DIR; };
		C0C2CFCA22A9D5DA003EE6BD /* AppDelegate.swift */ = {isa = PBXFileReference; lastKnownFileType = sourcecode.swift; path = AppDelegate.swift; sourceTree = "<group>"; };
		C0C2CFCC22A9D5DA003EE6BD /* ViewController.swift */ = {isa = PBXFileReference; lastKnownFileType = sourcecode.swift; path = ViewController.swift; sourceTree = "<group>"; };
		C0C2CFCF22A9D5DA003EE6BD /* Base */ = {isa = PBXFileReference; lastKnownFileType = file.storyboard; name = Base; path = Base.lproj/Main.storyboard; sourceTree = "<group>"; };
		C0C2CFD222A9D5DA003EE6BD /* CollectionCoreData_Nano.xcdatamodel */ = {isa = PBXFileReference; lastKnownFileType = wrapper.xcdatamodel; path = CollectionCoreData_Nano.xcdatamodel; sourceTree = "<group>"; };
		C0C2CFD422A9D5DB003EE6BD /* Assets.xcassets */ = {isa = PBXFileReference; lastKnownFileType = folder.assetcatalog; path = Assets.xcassets; sourceTree = "<group>"; };
		C0C2CFD722A9D5DB003EE6BD /* Base */ = {isa = PBXFileReference; lastKnownFileType = file.storyboard; name = Base; path = Base.lproj/LaunchScreen.storyboard; sourceTree = "<group>"; };
		C0C2CFD922A9D5DB003EE6BD /* Info.plist */ = {isa = PBXFileReference; lastKnownFileType = text.plist.xml; path = Info.plist; sourceTree = "<group>"; };
/* End PBXFileReference section */

/* Begin PBXFrameworksBuildPhase section */
		C0C2CFC422A9D5DA003EE6BD /* Frameworks */ = {
			isa = PBXFrameworksBuildPhase;
			buildActionMask = 2147483647;
			files = (
			);
			runOnlyForDeploymentPostprocessing = 0;
		};
/* End PBXFrameworksBuildPhase section */

/* Begin PBXGroup section */
		C0C2CFBE22A9D5DA003EE6BD = {
			isa = PBXGroup;
			children = (
				C0C2CFC922A9D5DA003EE6BD /* CollectionCoreData_Nano */,
				C0C2CFC822A9D5DA003EE6BD /* Products */,
			);
			sourceTree = "<group>";
		};
		C0C2CFC822A9D5DA003EE6BD /* Products */ = {
			isa = PBXGroup;
			children = (
				C0C2CFC722A9D5DA003EE6BD /* CollectionCoreData_Nano.app */,
			);
			name = Products;
			sourceTree = "<group>";
		};
		C0C2CFC922A9D5DA003EE6BD /* CollectionCoreData_Nano */ = {
			isa = PBXGroup;
			children = (
				C0C2CFCA22A9D5DA003EE6BD /* AppDelegate.swift */,
				C0C2CFCC22A9D5DA003EE6BD /* ViewController.swift */,
				C0C2CFCE22A9D5DA003EE6BD /* Main.storyboard */,
				C0C2CFD422A9D5DB003EE6BD /* Assets.xcassets */,
				C0C2CFD622A9D5DB003EE6BD /* LaunchScreen.storyboard */,
				C0C2CFD922A9D5DB003EE6BD /* Info.plist */,
				C0C2CFD122A9D5DA003EE6BD /* CollectionCoreData_Nano.xcdatamodeld */,
			);
			path = CollectionCoreData_Nano;
			sourceTree = "<group>";
		};
/* End PBXGroup section */

/* Begin PBXNativeTarget section */
		C0C2CFC622A9D5DA003EE6BD /* CollectionCoreData_Nano */ = {
			isa = PBXNativeTarget;
			buildConfigurationList = C0C2CFDC22A9D5DB003EE6BD /* Build configuration list for PBXNativeTarget "CollectionCoreData_Nano" */;
			buildPhases = (
				C0C2CFC322A9D5DA003EE6BD /* Sources */,
				C0C2CFC422A9D5DA003EE6BD /* Frameworks */,
				C0C2CFC522A9D5DA003EE6BD /* Resources */,
			);
			buildRules = (
			);
			dependencies = (
			);
			name = CollectionCoreData_Nano;
			productName = CollectionCoreData_Nano;
			productReference = C0C2CFC722A9D5DA003EE6BD /* CollectionCoreData_Nano.app */;
			productType = "com.apple.product-type.application";
		};
/* End PBXNativeTarget section */

/* Begin PBXProject section */
		C0C2CFBF22A9D5DA003EE6BD /* Project object */ = {
			isa = PBXProject;
			attributes = {
				LastSwiftUpdateCheck = 1020;
				LastUpgradeCheck = 1020;
				ORGANIZATIONNAME = "Felipe Girardi";
				TargetAttributes = {
					C0C2CFC622A9D5DA003EE6BD = {
						CreatedOnToolsVersion = 10.2.1;
					};
				};
			};
			buildConfigurationList = C0C2CFC222A9D5DA003EE6BD /* Build configuration list for PBXProject "CollectionCoreData_Nano" */;
			compatibilityVersion = "Xcode 9.3";
			developmentRegion = en;
			hasScannedForEncodings = 0;
			knownRegions = (
				en,
				Base,
			);
			mainGroup = C0C2CFBE22A9D5DA003EE6BD;
			productRefGroup = C0C2CFC822A9D5DA003EE6BD /* Products */;
			projectDirPath = "";
			projectRoot = "";
			targets = (
				C0C2CFC622A9D5DA003EE6BD /* CollectionCoreData_Nano */,
			);
		};
/* End PBXProject section */

/* Begin PBXResourcesBuildPhase section */
		C0C2CFC522A9D5DA003EE6BD /* Resources */ = {
			isa = PBXResourcesBuildPhase;
			buildActionMask = 2147483647;
			files = (
				C0C2CFD822A9D5DB003EE6BD /* LaunchScreen.storyboard in Resources */,
				C0C2CFD522A9D5DB003EE6BD /* Assets.xcassets in Resources */,
				C0C2CFD022A9D5DA003EE6BD /* Main.storyboard in Resources */,
			);
			runOnlyForDeploymentPostprocessing = 0;
		};
/* End PBXResourcesBuildPhase section */

/* Begin PBXSourcesBuildPhase section */
		C0C2CFC322A9D5DA003EE6BD /* Sources */ = {
			isa = PBXSourcesBuildPhase;
			buildActionMask = 2147483647;
			files = (
				C0C2CFD322A9D5DA003EE6BD /* CollectionCoreData_Nano.xcdatamodeld in Sources */,
				C0C2CFCD22A9D5DA003EE6BD /* ViewController.swift in Sources */,
				C0C2CFCB22A9D5DA003EE6BD /* AppDelegate.swift in Sources */,
			);
			runOnlyForDeploymentPostprocessing = 0;
		};
/* End PBXSourcesBuildPhase section */

/* Begin PBXVariantGroup section */
		C0C2CFCE22A9D5DA003EE6BD /* Main.storyboard */ = {
			isa = PBXVariantGroup;
			children = (
				C0C2CFCF22A9D5DA003EE6BD /* Base */,
			);
			name = Main.storyboard;
			sourceTree = "<group>";
		};
		C0C2CFD622A9D5DB003EE6BD /* LaunchScreen.storyboard */ = {
			isa = PBXVariantGroup;
			children = (
				C0C2CFD722A9D5DB003EE6BD /* Base */,
			);
			name = LaunchScreen.storyboard;
			sourceTree = "<group>";
		};
/* End PBXVariantGroup section */

/* Begin XCBuildConfiguration section */
		C0C2CFDA22A9D5DB003EE6BD /* Debug */ = {
			isa = XCBuildConfiguration;
			buildSettings = {
				ALWAYS_SEARCH_USER_PATHS = NO;
				CLANG_ANALYZER_NONNULL = YES;
				CLANG_ANALYZER_NUMBER_OBJECT_CONVERSION = YES_AGGRESSIVE;
				CLANG_CXX_LANGUAGE_STANDARD = "gnu++14";
				CLANG_CXX_LIBRARY = "libc++";
				CLANG_ENABLE_MODULES = YES;
				CLANG_ENABLE_OBJC_ARC = YES;
				CLANG_ENABLE_OBJC_WEAK = YES;
				CLANG_WARN_BLOCK_CAPTURE_AUTORELEASING = YES;
				CLANG_WARN_BOOL_CONVERSION = YES;
				CLANG_WARN_COMMA = YES;
				CLANG_WARN_CONSTANT_CONVERSION = YES;
				CLANG_WARN_DEPRECATED_OBJC_IMPLEMENTATIONS = YES;
				CLANG_WARN_DIRECT_OBJC_ISA_USAGE = YES_ERROR;
				CLANG_WARN_DOCUMENTATION_COMMENTS = YES;
				CLANG_WARN_EMPTY_BODY = YES;
				CLANG_WARN_ENUM_CONVERSION = YES;
				CLANG_WARN_INFINITE_RECURSION = YES;
				CLANG_WARN_INT_CONVERSION = YES;
				CLANG_WARN_NON_LITERAL_NULL_CONVERSION = YES;
				CLANG_WARN_OBJC_IMPLICIT_RETAIN_SELF = YES;
				CLANG_WARN_OBJC_LITERAL_CONVERSION = YES;
				CLANG_WARN_OBJC_ROOT_CLASS = YES_ERROR;
				CLANG_WARN_RANGE_LOOP_ANALYSIS = YES;
				CLANG_WARN_STRICT_PROTOTYPES = YES;
				CLANG_WARN_SUSPICIOUS_MOVE = YES;
				CLANG_WARN_UNGUARDED_AVAILABILITY = YES_AGGRESSIVE;
				CLANG_WARN_UNREACHABLE_CODE = YES;
				CLANG_WARN__DUPLICATE_METHOD_MATCH = YES;
				CODE_SIGN_IDENTITY = "iPhone Developer";
				COPY_PHASE_STRIP = NO;
				DEBUG_INFORMATION_FORMAT = dwarf;
				ENABLE_STRICT_OBJC_MSGSEND = YES;
				ENABLE_TESTABILITY = YES;
				GCC_C_LANGUAGE_STANDARD = gnu11;
				GCC_DYNAMIC_NO_PIC = NO;
				GCC_NO_COMMON_BLOCKS = YES;
				GCC_OPTIMIZATION_LEVEL = 0;
				GCC_PREPROCESSOR_DEFINITIONS = (
					"DEBUG=1",
					"$(inherited)",
				);
				GCC_WARN_64_TO_32_BIT_CONVERSION = YES;
				GCC_WARN_ABOUT_RETURN_TYPE = YES_ERROR;
				GCC_WARN_UNDECLARED_SELECTOR = YES;
				GCC_WARN_UNINITIALIZED_AUTOS = YES_AGGRESSIVE;
				GCC_WARN_UNUSED_FUNCTION = YES;
				GCC_WARN_UNUSED_VARIABLE = YES;
				IPHONEOS_DEPLOYMENT_TARGET = 12.2;
				MTL_ENABLE_DEBUG_INFO = INCLUDE_SOURCE;
				MTL_FAST_MATH = YES;
				ONLY_ACTIVE_ARCH = YES;
				SDKROOT = iphoneos;
				SWIFT_ACTIVE_COMPILATION_CONDITIONS = DEBUG;
				SWIFT_OPTIMIZATION_LEVEL = "-Onone";
			};
			name = Debug;
		};
		C0C2CFDB22A9D5DB003EE6BD /* Release */ = {
			isa = XCBuildConfiguration;
			buildSettings = {
				ALWAYS_SEARCH_USER_PATHS = NO;
				CLANG_ANALYZER_NONNULL = YES;
				CLANG_ANALYZER_NUMBER_OBJECT_CONVERSION = YES_AGGRESSIVE;
				CLANG_CXX_LANGUAGE_STANDARD = "gnu++14";
				CLANG_CXX_LIBRARY = "libc++";
				CLANG_ENABLE_MODULES = YES;
				CLANG_ENABLE_OBJC_ARC = YES;
				CLANG_ENABLE_OBJC_WEAK = YES;
				CLANG_WARN_BLOCK_CAPTURE_AUTORELEASING = YES;
				CLANG_WARN_BOOL_CONVERSION = YES;
				CLANG_WARN_COMMA = YES;
				CLANG_WARN_CONSTANT_CONVERSION = YES;
				CLANG_WARN_DEPRECATED_OBJC_IMPLEMENTATIONS = YES;
				CLANG_WARN_DIRECT_OBJC_ISA_USAGE = YES_ERROR;
				CLANG_WARN_DOCUMENTATION_COMMENTS = YES;
				CLANG_WARN_EMPTY_BODY = YES;
				CLANG_WARN_ENUM_CONVERSION = YES;
				CLANG_WARN_INFINITE_RECURSION = YES;
				CLANG_WARN_INT_CONVERSION = YES;
				CLANG_WARN_NON_LITERAL_NULL_CONVERSION = YES;
				CLANG_WARN_OBJC_IMPLICIT_RETAIN_SELF = YES;
				CLANG_WARN_OBJC_LITERAL_CONVERSION = YES;
				CLANG_WARN_OBJC_ROOT_CLASS = YES_ERROR;
				CLANG_WARN_RANGE_LOOP_ANALYSIS = YES;
				CLANG_WARN_STRICT_PROTOTYPES = YES;
				CLANG_WARN_SUSPICIOUS_MOVE = YES;
				CLANG_WARN_UNGUARDED_AVAILABILITY = YES_AGGRESSIVE;
				CLANG_WARN_UNREACHABLE_CODE = YES;
				CLANG_WARN__DUPLICATE_METHOD_MATCH = YES;
				CODE_SIGN_IDENTITY = "iPhone Developer";
				COPY_PHASE_STRIP = NO;
				DEBUG_INFORMATION_FORMAT = "dwarf-with-dsym";
				ENABLE_NS_ASSERTIONS = NO;
				ENABLE_STRICT_OBJC_MSGSEND = YES;
				GCC_C_LANGUAGE_STANDARD = gnu11;
				GCC_NO_COMMON_BLOCKS = YES;
				GCC_WARN_64_TO_32_BIT_CONVERSION = YES;
				GCC_WARN_ABOUT_RETURN_TYPE = YES_ERROR;
				GCC_WARN_UNDECLARED_SELECTOR = YES;
				GCC_WARN_UNINITIALIZED_AUTOS = YES_AGGRESSIVE;
				GCC_WARN_UNUSED_FUNCTION = YES;
				GCC_WARN_UNUSED_VARIABLE = YES;
				IPHONEOS_DEPLOYMENT_TARGET = 12.2;
				MTL_ENABLE_DEBUG_INFO = NO;
				MTL_FAST_MATH = YES;
				SDKROOT = iphoneos;
				SWIFT_COMPILATION_MODE = wholemodule;
				SWIFT_OPTIMIZATION_LEVEL = "-O";
				VALIDATE_PRODUCT = YES;
			};
			name = Release;
		};
		C0C2CFDD22A9D5DB003EE6BD /* Debug */ = {
			isa = XCBuildConfiguration;
			buildSettings = {
				ASSETCATALOG_COMPILER_APPICON_NAME = AppIcon;
				CODE_SIGN_STYLE = Automatic;
				DEVELOPMENT_TEAM = QU2M8UTH92;
				INFOPLIST_FILE = CollectionCoreData_Nano/Info.plist;
				LD_RUNPATH_SEARCH_PATHS = (
					"$(inherited)",
					"@executable_path/Frameworks",
				);
				PRODUCT_BUNDLE_IDENTIFIER = "tableview.CollectionCoreData-Nano";
				PRODUCT_NAME = "$(TARGET_NAME)";
				SWIFT_VERSION = 5.0;
				TARGETED_DEVICE_FAMILY = "1,2";
			};
			name = Debug;
		};
		C0C2CFDE22A9D5DB003EE6BD /* Release */ = {
			isa = XCBuildConfiguration;
			buildSettings = {
				ASSETCATALOG_COMPILER_APPICON_NAME = AppIcon;
				CODE_SIGN_STYLE = Automatic;
				DEVELOPMENT_TEAM = QU2M8UTH92;
				INFOPLIST_FILE = CollectionCoreData_Nano/Info.plist;
				LD_RUNPATH_SEARCH_PATHS = (
					"$(inherited)",
					"@executable_path/Frameworks",
				);
				PRODUCT_BUNDLE_IDENTIFIER = "tableview.CollectionCoreData-Nano";
				PRODUCT_NAME = "$(TARGET_NAME)";
				SWIFT_VERSION = 5.0;
				TARGETED_DEVICE_FAMILY = "1,2";
			};
			name = Release;
		};
/* End XCBuildConfiguration section */

/* Begin XCConfigurationList section */
		C0C2CFC222A9D5DA003EE6BD /* Build configuration list for PBXProject "CollectionCoreData_Nano" */ = {
			isa = XCConfigurationList;
			buildConfigurations = (
				C0C2CFDA22A9D5DB003EE6BD /* Debug */,
				C0C2CFDB22A9D5DB003EE6BD /* Release */,
			);
			defaultConfigurationIsVisible = 0;
			defaultConfigurationName = Release;
		};
		C0C2CFDC22A9D5DB003EE6BD /* Build configuration list for PBXNativeTarget "CollectionCoreData_Nano" */ = {
			isa = XCConfigurationList;
			buildConfigurations = (
				C0C2CFDD22A9D5DB003EE6BD /* Debug */,
				C0C2CFDE22A9D5DB003EE6BD /* Release */,
			);
			defaultConfigurationIsVisible = 0;
			defaultConfigurationName = Release;
		};
/* End XCConfigurationList section */

/* Begin XCVersionGroup section */
		C0C2CFD122A9D5DA003EE6BD /* CollectionCoreData_Nano.xcdatamodeld */ = {
			isa = XCVersionGroup;
			children = (
				C0C2CFD222A9D5DA003EE6BD /* CollectionCoreData_Nano.xcdatamodel */,
			);
			currentVersion = C0C2CFD222A9D5DA003EE6BD /* CollectionCoreData_Nano.xcdatamodel */;
			path = CollectionCoreData_Nano.xcdatamodeld;
			sourceTree = "<group>";
			versionGroupType = wrapper.xcdatamodel;
		};
/* End XCVersionGroup section */
	};
	rootObject = C0C2CFBF22A9D5DA003EE6BD /* Project object */;
}
